
Microsoft Visual Studio Solution File, Format Version 12.00
Project("{2150E333-8FDC-42A3-9474-1A3956D46DE8}") = "API", "API", "{CA63153F-7D1C-48AE-8A4B-31C97B562F7A}"
EndProject
Project("{2150E333-8FDC-42A3-9474-1A3956D46DE8}") = "Application", "Application", "{61317D59-34B9-4890-85CB-DCE0B4F21518}"
EndProject
Project("{2150E333-8FDC-42A3-9474-1A3956D46DE8}") = "Infra", "Infra", "{75AE7067-BC73-4B50-B348-300B0D6DCD23}"
EndProject
Project("{2150E333-8FDC-42A3-9474-1A3956D46DE8}") = "Domain", "Domain", "{15859A56-B7A0-423D-9246-E95909B5DF92}"
EndProject
Project("{FAE04EC0-301F-11D3-BF4B-00C04F79EFBC}") = "Api", "Api\Api.csproj", "{F6CD23E4-E908-4C4A-A197-83D316307EE1}"
EndProject
Project("{FAE04EC0-301F-11D3-BF4B-00C04F79EFBC}") = "Application", "Application\Application.csproj", "{9E915DED-6068-4133-824D-9DABBC1C803F}"
EndProject
Project("{FAE04EC0-301F-11D3-BF4B-00C04F79EFBC}") = "Domain", "Domain\Domain.csproj", "{79D98AA6-77A4-45E7-ADBE-97A8B4E42E52}"
EndProject
Project("{FAE04EC0-301F-11D3-BF4B-00C04F79EFBC}") = "Infra.Data", "Infra.Data\Infra.Data.csproj", "{5D943DD2-7D5F-4620-82E5-5C5748FAFA0F}"
EndProject
Project("{FAE04EC0-301F-11D3-BF4B-00C04F79EFBC}") = "Infra.DependencyInjection", "Infra.DependencyInjection\Infra.DependencyInjection.csproj", "{478EA82A-937E-42CB-AD0B-E70BE7940E70}"
EndProject
Project("{FAE04EC0-301F-11D3-BF4B-00C04F79EFBC}") = "Testes-Carga", "Testes-Carga\Testes-Carga.csproj", "{EED297DF-5668-4949-8552-91CAFF87E468}"
EndProject
Global
	GlobalSection(SolutionConfigurationPlatforms) = preSolution
		Debug|Any CPU = Debug|Any CPU
		Release|Any CPU = Release|Any CPU
	EndGlobalSection
	GlobalSection(NestedProjects) = preSolution
		{F6CD23E4-E908-4C4A-A197-83D316307EE1} = {CA63153F-7D1C-48AE-8A4B-31C97B562F7A}
		{9E915DED-6068-4133-824D-9DABBC1C803F} = {61317D59-34B9-4890-85CB-DCE0B4F21518}
		{79D98AA6-77A4-45E7-ADBE-97A8B4E42E52} = {15859A56-B7A0-423D-9246-E95909B5DF92}
		{5D943DD2-7D5F-4620-82E5-5C5748FAFA0F} = {75AE7067-BC73-4B50-B348-300B0D6DCD23}
		{478EA82A-937E-42CB-AD0B-E70BE7940E70} = {75AE7067-BC73-4B50-B348-300B0D6DCD23}
	EndGlobalSection
	GlobalSection(ProjectConfigurationPlatforms) = postSolution
		{F6CD23E4-E908-4C4A-A197-83D316307EE1}.Debug|Any CPU.ActiveCfg = Debug|Any CPU
		{F6CD23E4-E908-4C4A-A197-83D316307EE1}.Debug|Any CPU.Build.0 = Debug|Any CPU
		{F6CD23E4-E908-4C4A-A197-83D316307EE1}.Release|Any CPU.ActiveCfg = Release|Any CPU
		{F6CD23E4-E908-4C4A-A197-83D316307EE1}.Release|Any CPU.Build.0 = Release|Any CPU
		{9E915DED-6068-4133-824D-9DABBC1C803F}.Debug|Any CPU.ActiveCfg = Debug|Any CPU
		{9E915DED-6068-4133-824D-9DABBC1C803F}.Debug|Any CPU.Build.0 = Debug|Any CPU
		{9E915DED-6068-4133-824D-9DABBC1C803F}.Release|Any CPU.ActiveCfg = Release|Any CPU
		{9E915DED-6068-4133-824D-9DABBC1C803F}.Release|Any CPU.Build.0 = Release|Any CPU
		{79D98AA6-77A4-45E7-ADBE-97A8B4E42E52}.Debug|Any CPU.ActiveCfg = Debug|Any CPU
		{79D98AA6-77A4-45E7-ADBE-97A8B4E42E52}.Debug|Any CPU.Build.0 = Debug|Any CPU
		{79D98AA6-77A4-45E7-ADBE-97A8B4E42E52}.Release|Any CPU.ActiveCfg = Release|Any CPU
		{79D98AA6-77A4-45E7-ADBE-97A8B4E42E52}.Release|Any CPU.Build.0 = Release|Any CPU
		{5D943DD2-7D5F-4620-82E5-5C5748FAFA0F}.Debug|Any CPU.ActiveCfg = Debug|Any CPU
		{5D943DD2-7D5F-4620-82E5-5C5748FAFA0F}.Debug|Any CPU.Build.0 = Debug|Any CPU
		{5D943DD2-7D5F-4620-82E5-5C5748FAFA0F}.Release|Any CPU.ActiveCfg = Release|Any CPU
		{5D943DD2-7D5F-4620-82E5-5C5748FAFA0F}.Release|Any CPU.Build.0 = Release|Any CPU
		{478EA82A-937E-42CB-AD0B-E70BE7940E70}.Debug|Any CPU.ActiveCfg = Debug|Any CPU
		{478EA82A-937E-42CB-AD0B-E70BE7940E70}.Debug|Any CPU.Build.0 = Debug|Any CPU
		{478EA82A-937E-42CB-AD0B-E70BE7940E70}.Release|Any CPU.ActiveCfg = Release|Any CPU
		{478EA82A-937E-42CB-AD0B-E70BE7940E70}.Release|Any CPU.Build.0 = Release|Any CPU
		{EED297DF-5668-4949-8552-91CAFF87E468}.Debug|Any CPU.ActiveCfg = Debug|Any CPU
		{EED297DF-5668-4949-8552-91CAFF87E468}.Debug|Any CPU.Build.0 = Debug|Any CPU
		{EED297DF-5668-4949-8552-91CAFF87E468}.Release|Any CPU.ActiveCfg = Release|Any CPU
		{EED297DF-5668-4949-8552-91CAFF87E468}.Release|Any CPU.Build.0 = Release|Any CPU
	EndGlobalSection
EndGlobal
